{
  "requires": true,
  "lockfileVersion": 1,
  "dependencies": {
    "assertion": {
      "version": "1.3.35",
      "resolved": "https://registry.npmjs.org/assertion/-/assertion-1.3.35.tgz",
      "integrity": "sha512-ZSvRXmyPvBdx6nST06KFlm9b5Yl6jkXi67x4ewN6xOF0Hi8z+ozXRRO4T6Td9z9GTTc+gTCo1yRMe1rRAUT8Lw=="
    }
  }
}
